
Microsoft Visual Studio Solution File, Format Version 12.00
# Visual Studio 15
VisualStudioVersion = 15.0.26730.3
MinimumVisualStudioVersion = 10.0.40219.1
Project("{2150E333-8FDC-42A3-9474-1A3956D46DE8}") = "src", "src", "{E168385B-D1B8-4756-853A-1AE17D809492}"
EndProject
Project("{9A19103F-16F7-4668-BE54-9A1E7A4F7556}") = "OSharp.Utility", "src\OSharp.Utility\OSharp.Utility.csproj", "{ED4FB208-28F2-453C-AD5D-B95C106218ED}"
EndProject
Project("{2150E333-8FDC-42A3-9474-1A3956D46DE8}") = "tests", "tests", "{F28BE827-C006-4767-A171-D0C5A5E26A32}"
EndProject
Project("{2150E333-8FDC-42A3-9474-1A3956D46DE8}") = "docs", "docs", "{89469932-9056-4B37-95F3-7FD61D76F11B}"
EndProject
Project("{FAE04EC0-301F-11D3-BF4B-00C04F79EFBC}") = "OSharp.Utility.Tests", "tests\OSharp.Utility.Tests\OSharp.Utility.Tests.csproj", "{1431F35B-3A08-40AC-B8AE-C995EC34191C}"
EndProject
Global
	GlobalSection(SolutionConfigurationPlatforms) = preSolution
		Debug|Any CPU = Debug|Any CPU
		Release|Any CPU = Release|Any CPU
	EndGlobalSection
	GlobalSection(ProjectConfigurationPlatforms) = postSolution
		{ED4FB208-28F2-453C-AD5D-B95C106218ED}.Debug|Any CPU.ActiveCfg = Debug|Any CPU
		{ED4FB208-28F2-453C-AD5D-B95C106218ED}.Debug|Any CPU.Build.0 = Debug|Any CPU
		{ED4FB208-28F2-453C-AD5D-B95C106218ED}.Release|Any CPU.ActiveCfg = Release|Any CPU
		{ED4FB208-28F2-453C-AD5D-B95C106218ED}.Release|Any CPU.Build.0 = Release|Any CPU
		{1431F35B-3A08-40AC-B8AE-C995EC34191C}.Debug|Any CPU.ActiveCfg = Debug|Any CPU
		{1431F35B-3A08-40AC-B8AE-C995EC34191C}.Debug|Any CPU.Build.0 = Debug|Any CPU
		{1431F35B-3A08-40AC-B8AE-C995EC34191C}.Release|Any CPU.ActiveCfg = Release|Any CPU
		{1431F35B-3A08-40AC-B8AE-C995EC34191C}.Release|Any CPU.Build.0 = Release|Any CPU
	EndGlobalSection
	GlobalSection(SolutionProperties) = preSolution
		HideSolutionNode = FALSE
	EndGlobalSection
	GlobalSection(NestedProjects) = preSolution
		{ED4FB208-28F2-453C-AD5D-B95C106218ED} = {E168385B-D1B8-4756-853A-1AE17D809492}
		{1431F35B-3A08-40AC-B8AE-C995EC34191C} = {F28BE827-C006-4767-A171-D0C5A5E26A32}
	EndGlobalSection
	GlobalSection(ExtensibilityGlobals) = postSolution
		SolutionGuid = {19F5D2F6-BC3A-4828-9458-E080B649B370}
	EndGlobalSection
EndGlobal
